
Microsoft Visual Studio Solution File, Format Version 12.00
# Visual Studio Version 17
VisualStudioVersion = 17.8.34330.188
MinimumVisualStudioVersion = 10.0.40219.1
Project("{9A19103F-16F7-4668-BE54-9A1E7A4F7556}") = "Mardi20250211.A_PL", "Mardi20250211.A_PL\Mardi20250211.A_PL.csproj", "{5FBF540A-571A-41A7-938F-441F0DB06AE9}"
EndProject
Project("{9A19103F-16F7-4668-BE54-9A1E7A4F7556}") = "Mardi20250211.B_BLL", "Mardi20250211.B_BLL\Mardi20250211.B_BLL.csproj", "{BB2208B9-F5EA-4DC0-9844-FE7C6C9CEE31}"
EndProject
Project("{9A19103F-16F7-4668-BE54-9A1E7A4F7556}") = "Mardi20250211.C_DAL", "Mardi20250211.C_DAL\Mardi20250211.C_DAL.csproj", "{A924FE7E-DB77-49B2-A937-F89B4D6B7197}"
EndProject
Project("{00D1A9C2-B5F0-4AF3-8072-F6C62B433612}") = "Mardi20250211.Z_DB", "Mardi20250211.Z_DB\Mardi20250211.Z_DB.sqlproj", "{38C58E2E-293E-4DEC-AFBB-7CCDDE1A8E4D}"
EndProject
Project("{FAE04EC0-301F-11D3-BF4B-00C04F79EFBC}") = "Mardi20250211.D_DL", "Mardi20250211.D_DL\Mardi20250211.D_DL.csproj", "{59F7F9C4-5272-4F0C-A5B5-7A3E8FFF7884}"
EndProject
Global
	GlobalSection(SolutionConfigurationPlatforms) = preSolution
		Debug|Any CPU = Debug|Any CPU
		Release|Any CPU = Release|Any CPU
	EndGlobalSection
	GlobalSection(ProjectConfigurationPlatforms) = postSolution
		{5FBF540A-571A-41A7-938F-441F0DB06AE9}.Debug|Any CPU.ActiveCfg = Debug|Any CPU
		{5FBF540A-571A-41A7-938F-441F0DB06AE9}.Debug|Any CPU.Build.0 = Debug|Any CPU
		{5FBF540A-571A-41A7-938F-441F0DB06AE9}.Release|Any CPU.ActiveCfg = Release|Any CPU
		{5FBF540A-571A-41A7-938F-441F0DB06AE9}.Release|Any CPU.Build.0 = Release|Any CPU
		{BB2208B9-F5EA-4DC0-9844-FE7C6C9CEE31}.Debug|Any CPU.ActiveCfg = Debug|Any CPU
		{BB2208B9-F5EA-4DC0-9844-FE7C6C9CEE31}.Debug|Any CPU.Build.0 = Debug|Any CPU
		{BB2208B9-F5EA-4DC0-9844-FE7C6C9CEE31}.Release|Any CPU.ActiveCfg = Release|Any CPU
		{BB2208B9-F5EA-4DC0-9844-FE7C6C9CEE31}.Release|Any CPU.Build.0 = Release|Any CPU
		{A924FE7E-DB77-49B2-A937-F89B4D6B7197}.Debug|Any CPU.ActiveCfg = Debug|Any CPU
		{A924FE7E-DB77-49B2-A937-F89B4D6B7197}.Debug|Any CPU.Build.0 = Debug|Any CPU
		{A924FE7E-DB77-49B2-A937-F89B4D6B7197}.Release|Any CPU.ActiveCfg = Release|Any CPU
		{A924FE7E-DB77-49B2-A937-F89B4D6B7197}.Release|Any CPU.Build.0 = Release|Any CPU
		{38C58E2E-293E-4DEC-AFBB-7CCDDE1A8E4D}.Debug|Any CPU.ActiveCfg = Debug|Any CPU
		{38C58E2E-293E-4DEC-AFBB-7CCDDE1A8E4D}.Debug|Any CPU.Build.0 = Debug|Any CPU
		{38C58E2E-293E-4DEC-AFBB-7CCDDE1A8E4D}.Debug|Any CPU.Deploy.0 = Debug|Any CPU
		{38C58E2E-293E-4DEC-AFBB-7CCDDE1A8E4D}.Release|Any CPU.ActiveCfg = Release|Any CPU
		{38C58E2E-293E-4DEC-AFBB-7CCDDE1A8E4D}.Release|Any CPU.Build.0 = Release|Any CPU
		{38C58E2E-293E-4DEC-AFBB-7CCDDE1A8E4D}.Release|Any CPU.Deploy.0 = Release|Any CPU
		{59F7F9C4-5272-4F0C-A5B5-7A3E8FFF7884}.Debug|Any CPU.ActiveCfg = Debug|Any CPU
		{59F7F9C4-5272-4F0C-A5B5-7A3E8FFF7884}.Debug|Any CPU.Build.0 = Debug|Any CPU
		{59F7F9C4-5272-4F0C-A5B5-7A3E8FFF7884}.Release|Any CPU.ActiveCfg = Release|Any CPU
		{59F7F9C4-5272-4F0C-A5B5-7A3E8FFF7884}.Release|Any CPU.Build.0 = Release|Any CPU
	EndGlobalSection
	GlobalSection(SolutionProperties) = preSolution
		HideSolutionNode = FALSE
	EndGlobalSection
	GlobalSection(ExtensibilityGlobals) = postSolution
		SolutionGuid = {248425BF-363B-4122-B095-CB6860EAD040}
	EndGlobalSection
EndGlobal
